
Microsoft Visual Studio Solution File, Format Version 12.00
# Visual Studio 15
VisualStudioVersion = 15.0.26906.1
MinimumVisualStudioVersion = 10.0.40219.1
Project("{FAE04EC0-301F-11D3-BF4B-00C04F79EFBC}") = "AutoNumManager", "AutoNumManager.csproj", "{BDF3CA50-95D8-4CE6-B541-C5A6FF455730}"
EndProject
Project("{2150E333-8FDC-42A3-9474-1A3956D46DE8}") = "Solution Items", "Solution Items", "{3E67D5FE-D8F3-4BF3-8126-6C8151E2305C}"
	ProjectSection(SolutionItems) = preProject
		Rappen.XTB.AutoNumManager.nuspec = Rappen.XTB.AutoNumManager.nuspec
	EndProjectSection
EndProject
Global
	GlobalSection(SolutionConfigurationPlatforms) = preSolution
		Debug|Any CPU = Debug|Any CPU
		Release|Any CPU = Release|Any CPU
	EndGlobalSection
	GlobalSection(ProjectConfigurationPlatforms) = postSolution
		{BDF3CA50-95D8-4CE6-B541-C5A6FF455730}.Debug|Any CPU.ActiveCfg = Debug|Any CPU
		{BDF3CA50-95D8-4CE6-B541-C5A6FF455730}.Debug|Any CPU.Build.0 = Debug|Any CPU
		{BDF3CA50-95D8-4CE6-B541-C5A6FF455730}.Release|Any CPU.ActiveCfg = Release|Any CPU
		{BDF3CA50-95D8-4CE6-B541-C5A6FF455730}.Release|Any CPU.Build.0 = Release|Any CPU
	EndGlobalSection
	GlobalSection(SolutionProperties) = preSolution
		HideSolutionNode = FALSE
	EndGlobalSection
	GlobalSection(ExtensibilityGlobals) = postSolution
		SolutionGuid = {CA8B8C5A-F7B4-4775-83B5-0198F1FF49CA}
	EndGlobalSection
EndGlobal
